
Microsoft Visual Studio Solution File, Format Version 12.00
# Visual Studio Version 16
VisualStudioVersion = 25.0.1706.13
MinimumVisualStudioVersion = 10.0.40219.1
Project("{FAE04EC0-301F-11D3-BF4B-00C04F79EFBC}") = "SwinAdventure", "SwinAdventure\SwinAdventure.csproj", "{5CEEB364-625B-432B-9300-7A2EFBC90032}"
EndProject
Project("{FAE04EC0-301F-11D3-BF4B-00C04F79EFBC}") = "IdentifiableObjectTest", "IdentifiableObjectTest\IdentifiableObjectTest.csproj", "{F3D56418-7617-44B0-911C-8F16C278B456}"
EndProject
Global
	GlobalSection(SolutionConfigurationPlatforms) = preSolution
		Debug|Any CPU = Debug|Any CPU
		Release|Any CPU = Release|Any CPU
	EndGlobalSection
	GlobalSection(ProjectConfigurationPlatforms) = postSolution
		{5CEEB364-625B-432B-9300-7A2EFBC90032}.Debug|Any CPU.ActiveCfg = Debug|Any CPU
		{5CEEB364-625B-432B-9300-7A2EFBC90032}.Debug|Any CPU.Build.0 = Debug|Any CPU
		{5CEEB364-625B-432B-9300-7A2EFBC90032}.Release|Any CPU.ActiveCfg = Release|Any CPU
		{5CEEB364-625B-432B-9300-7A2EFBC90032}.Release|Any CPU.Build.0 = Release|Any CPU
		{F3D56418-7617-44B0-911C-8F16C278B456}.Debug|Any CPU.ActiveCfg = Debug|Any CPU
		{F3D56418-7617-44B0-911C-8F16C278B456}.Debug|Any CPU.Build.0 = Debug|Any CPU
		{F3D56418-7617-44B0-911C-8F16C278B456}.Release|Any CPU.ActiveCfg = Release|Any CPU
		{F3D56418-7617-44B0-911C-8F16C278B456}.Release|Any CPU.Build.0 = Release|Any CPU
	EndGlobalSection
	GlobalSection(SolutionProperties) = preSolution
		HideSolutionNode = FALSE
	EndGlobalSection
	GlobalSection(ExtensibilityGlobals) = postSolution
		SolutionGuid = {28D9464D-76BC-4AD3-80B7-940DF4A04402}
	EndGlobalSection
EndGlobal
